{
  "requires": true,
  "lockfileVersion": 1,
  "dependencies": {
    "@types/c3": {
      "version": "0.6.4",
      "resolved": "https://registry.npmjs.org/@types/c3/-/c3-0.6.4.tgz",
      "integrity": "sha512-W7i7oSmHsXYhseZJsIYexelv9HitGsWdQhx3mcy4NWso+GedpCYr02ghpkNvnZ4oTIjNeISdrOnM70s7HiuV+g==",
      "requires": {
        "@types/d3": "^4"
      }
    },
    "@types/d3": {
      "version": "4.13.2",
      "resolved": "https://registry.npmjs.org/@types/d3/-/d3-4.13.2.tgz",
      "integrity": "sha512-jaMix9nFUgLeBSdU0md3usx5BaZfnO9Z0idyRmEq7mo7Ux7FpenW1SvyLXI0e59BtrgyPGNHMaZ0y2rJcSCMiw==",
      "requires": {
        "@types/d3-array": "^1",
        "@types/d3-axis": "*",
        "@types/d3-brush": "*",
        "@types/d3-chord": "*",
        "@types/d3-collection": "*",
        "@types/d3-color": "*",
        "@types/d3-dispatch": "*",
        "@types/d3-drag": "*",
        "@types/d3-dsv": "*",
        "@types/d3-ease": "*",
        "@types/d3-force": "*",
        "@types/d3-format": "*",
        "@types/d3-geo": "*",
        "@types/d3-hierarchy": "*",
        "@types/d3-interpolate": "*",
        "@types/d3-path": "*",
        "@types/d3-polygon": "*",
        "@types/d3-quadtree": "*",
        "@types/d3-queue": "*",
        "@types/d3-random": "*",
        "@types/d3-request": "*",
        "@types/d3-scale": "^1",
        "@types/d3-selection": "*",
        "@types/d3-shape": "*",
        "@types/d3-time": "*",
        "@types/d3-time-format": "*",
        "@types/d3-timer": "*",
        "@types/d3-transition": "*",
        "@types/d3-voronoi": "*",
        "@types/d3-zoom": "*"
      }
    },
    "@types/d3-array": {
      "version": "1.2.7",
      "resolved": "https://registry.npmjs.org/@types/d3-array/-/d3-array-1.2.7.tgz",
      "integrity": "sha512-51vHWuUyDOi+8XuwPrTw3cFqyh2Slg9y8COYkRfjCPG9TfYqY0hoNPzv/8BrcAy0FeQBzqEo/D/8Nk2caOQJnA=="
    },
    "@types/d3-axis": {
      "version": "1.0.12",
      "resolved": "https://registry.npmjs.org/@types/d3-axis/-/d3-axis-1.0.12.tgz",
      "integrity": "sha512-BZISgSD5M8TgURyNtcPAmUB9sk490CO1Thb6/gIn0WZTt3Y50IssX+2Z0vTccoqZksUDTep0b+o4ofXslvNbqg==",
      "requires": {
        "@types/d3-selection": "*"
      }
    },
    "@types/d3-brush": {
      "version": "1.1.0",
      "resolved": "https://registry.npmjs.org/@types/d3-brush/-/d3-brush-1.1.0.tgz",
      "integrity": "sha512-yz5Y94XpUARimOlLk+RWM1cZh1FrtmSGOyDQfCArsMa6kAnhjF3EserSTDnHAuVuNATMoTIOPHa7pjG2iTkPYA==",
      "requires": {
        "@types/d3-selection": "*"
      }
    },
    "@types/d3-chord": {
      "version": "1.0.9",
      "resolved": "https://registry.npmjs.org/@types/d3-chord/-/d3-chord-1.0.9.tgz",
      "integrity": "sha512-UA6lI9CVW5cT5Ku/RV4hxoFn4mKySHm7HEgodtfRthAj1lt9rKZEPon58vyYfk+HIAm33DtJJgZwMXy2QgyPXw=="
    },
    "@types/d3-collection": {
      "version": "1.0.8",
      "resolved": "https://registry.npmjs.org/@types/d3-collection/-/d3-collection-1.0.8.tgz",
      "integrity": "sha512-y5lGlazdc0HNO0F3UUX2DPE7OmYvd9Kcym4hXwrJcNUkDaypR5pX+apuMikl9LfTxKItJsY9KYvzBulpCKyvuQ=="
    },
    "@types/d3-color": {
      "version": "1.2.2",
      "resolved": "https://registry.npmjs.org/@types/d3-color/-/d3-color-1.2.2.tgz",
      "integrity": "sha512-6pBxzJ8ZP3dYEQ4YjQ+NVbQaOflfgXq/JbDiS99oLobM2o72uAST4q6yPxHv6FOTCRC/n35ktuo8pvw/S4M7sw=="
    },
    "@types/d3-dispatch": {
      "version": "1.0.7",
      "resolved": "https://registry.npmjs.org/@types/d3-dispatch/-/d3-dispatch-1.0.7.tgz",
      "integrity": "sha512-M+z84G7UKwK6hEPnGCSccOg8zJ3Nk2hgDQ9sCstHXgsFU0sMxlIZVKqKB5oxUDbALqQG6ucg0G9e8cmOSlishg=="
    },
    "@types/d3-drag": {
      "version": "1.2.3",
      "resolved": "https://registry.npmjs.org/@types/d3-drag/-/d3-drag-1.2.3.tgz",
      "integrity": "sha512-rWB5SPvkYVxW3sqUxHOJUZwifD0KqvKwvt1bhNqcLpW6Azsd0BJgRNcyVW8GAferaAk5r8dzeZnf9zKlg9+xMQ==",
      "requires": {
        "@types/d3-selection": "*"
      }
    },
    "@types/d3-dsv": {
      "version": "1.0.36",
      "resolved": "https://registry.npmjs.org/@types/d3-dsv/-/d3-dsv-1.0.36.tgz",
      "integrity": "sha512-jbIWQ27QJcBNMZbQv0NSQMHnBDCmxghAxePxgyiPH1XPCRkOsTBei7jcdi3fDrUCGpCV3lKrSZFSlOkhUQVClA=="
    },
    "@types/d3-ease": {
      "version": "1.0.9",
      "resolved": "https://registry.npmjs.org/@types/d3-ease/-/d3-ease-1.0.9.tgz",
      "integrity": "sha512-U5ADevQ+W6fy32FVZZC9EXallcV/Mi12A5Tkd0My5MrC7T8soMQEhlDAg88XUWm0zoCQlB4XV0en/24LvuDB4Q=="
    },
    "@types/d3-force": {
      "version": "1.2.1",
      "resolved": "https://registry.npmjs.org/@types/d3-force/-/d3-force-1.2.1.tgz",
      "integrity": "sha512-jqK+I36uz4kTBjyk39meed5y31Ab+tXYN/x1dn3nZEus9yOHCLc+VrcIYLc/aSQ0Y7tMPRlIhLetulME76EiiA=="
    },
    "@types/d3-format": {
      "version": "1.3.1",
      "resolved": "https://registry.npmjs.org/@types/d3-format/-/d3-format-1.3.1.tgz",
      "integrity": "sha512-KAWvReOKMDreaAwOjdfQMm0HjcUMlQG47GwqdVKgmm20vTd2pucj0a70c3gUSHrnsmo6H2AMrkBsZU2UhJLq8A=="
    },
    "@types/d3-geo": {
      "version": "1.11.1",
      "resolved": "https://registry.npmjs.org/@types/d3-geo/-/d3-geo-1.11.1.tgz",
      "integrity": "sha512-Ox8WWOG3igDRoep/dNsGbOiSJYdUG3ew/6z0ETvHyAtXZVBjOE0S96zSSmzgl0gqQ3RdZjn2eeJOj9oRcMZPkQ==",
      "requires": {
        "@types/geojson": "*"
      }
    },
    "@types/d3-hierarchy": {
      "version": "1.1.6",
      "resolved": "https://registry.npmjs.org/@types/d3-hierarchy/-/d3-hierarchy-1.1.6.tgz",
      "integrity": "sha512-vvSaIDf/Ov0o3KwMT+1M8+WbnnlRiGjlGD5uvk83a1mPCTd/E5x12bUJ/oP55+wUY/4Kb5kc67rVpVGJ2KUHxg=="
    },
    "@types/d3-interpolate": {
      "version": "1.3.1",
      "resolved": "https://registry.npmjs.org/@types/d3-interpolate/-/d3-interpolate-1.3.1.tgz",
      "integrity": "sha512-z8Zmi08XVwe8e62vP6wcA+CNuRhpuUU5XPEfqpG0hRypDE5BWNthQHB1UNWWDB7ojCbGaN4qBdsWp5kWxhT1IQ==",
      "requires": {
        "@types/d3-color": "*"
      }
    },
    "@types/d3-path": {
      "version": "1.0.8",
      "resolved": "https://registry.npmjs.org/@types/d3-path/-/d3-path-1.0.8.tgz",
      "integrity": "sha512-AZGHWslq/oApTAHu9+yH/Bnk63y9oFOMROtqPAtxl5uB6qm1x2lueWdVEjsjjV3Qc2+QfuzKIwIR5MvVBakfzA=="
    },
    "@types/d3-polygon": {
      "version": "1.0.7",
      "resolved": "https://registry.npmjs.org/@types/d3-polygon/-/d3-polygon-1.0.7.tgz",
      "integrity": "sha512-Xuw0eSjQQKs8jTiNbntWH0S+Xp+JyhqxmQ0YAQ3rDu6c3kKMFfgsaGN7Jv5u3zG6yVX/AsLP/Xs/QRjmi9g43Q=="
    },
    "@types/d3-quadtree": {
      "version": "1.0.7",
      "resolved": "https://registry.npmjs.org/@types/d3-quadtree/-/d3-quadtree-1.0.7.tgz",
      "integrity": "sha512-0ajFawWicfjsaCLh6NzxOyVDYhQAmMFbsiI3MPGLInorauHFEh9/Cl6UHNf+kt/J1jfoxKY/ZJaKAoDpbvde5Q=="
    },
    "@types/d3-queue": {
      "version": "3.0.8",
      "resolved": "https://registry.npmjs.org/@types/d3-queue/-/d3-queue-3.0.8.tgz",
      "integrity": "sha512-1FWOiI/MYwS5Z1Sa9EvS1Xet3isiVIIX5ozD6iGnwHonGcqL+RcC1eThXN5VfDmAiYt9Me9EWNEv/9J9k9RIKQ=="
    },
    "@types/d3-random": {
      "version": "1.1.2",
      "resolved": "https://registry.npmjs.org/@types/d3-random/-/d3-random-1.1.2.tgz",
      "integrity": "sha512-Jui+Zn28pQw/3EayPKaN4c/PqTvqNbIPjHkgIIFnxne1FdwNjfHtAIsZIBMKlquQNrrMjFzCrlF2gPs3xckqaA=="
    },
    "@types/d3-request": {
      "version": "1.0.5",
      "resolved": "https://registry.npmjs.org/@types/d3-request/-/d3-request-1.0.5.tgz",
      "integrity": "sha512-X+/c/qXp92o056C5Qbcp7jL27YRHpmIqOchHb/WB7NwFFqkBtAircqO7oKWv2GTtX4LyEqiDF9gqXsV+ldOlIg==",
      "requires": {
        "@types/d3-dsv": "*"
      }
    },
    "@types/d3-scale": {
      "version": "1.0.14",
      "resolved": "https://registry.npmjs.org/@types/d3-scale/-/d3-scale-1.0.14.tgz",
      "integrity": "sha512-dW6Ii8bH+10klJzVVPPeeQvRpCbX3BO3x9cLTngu/+lXNDbk2uC51aFAA/XhocehZroaG5ajwAFelMFsgpClMg==",
      "requires": {
        "@types/d3-time": "*"
      }
    },
    "@types/d3-selection": {
      "version": "1.4.1",
      "resolved": "https://registry.npmjs.org/@types/d3-selection/-/d3-selection-1.4.1.tgz",
      "integrity": "sha512-bv8IfFYo/xG6dxri9OwDnK3yCagYPeRIjTlrcdYJSx+FDWlCeBDepIHUpqROmhPtZ53jyna0aUajZRk0I3rXNA=="
    },
    "@types/d3-shape": {
      "version": "1.3.2",
      "resolved": "https://registry.npmjs.org/@types/d3-shape/-/d3-shape-1.3.2.tgz",
      "integrity": "sha512-LtD8EaNYCaBRzHzaAiIPrfcL3DdIysc81dkGlQvv7WQP3+YXV7b0JJTtR1U3bzeRieS603KF4wUo+ZkJVenh8w==",
      "requires": {
        "@types/d3-path": "*"
      }
    },
    "@types/d3-time": {
      "version": "1.0.10",
      "resolved": "https://registry.npmjs.org/@types/d3-time/-/d3-time-1.0.10.tgz",
      "integrity": "sha512-aKf62rRQafDQmSiv1NylKhIMmznsjRN+MnXRXTqHoqm0U/UZzVpdrtRnSIfdiLS616OuC1soYeX1dBg2n1u8Xw=="
    },
    "@types/d3-time-format": {
      "version": "2.1.1",
      "resolved": "https://registry.npmjs.org/@types/d3-time-format/-/d3-time-format-2.1.1.tgz",
      "integrity": "sha512-tJSyXta8ZyJ52wDDHA96JEsvkbL6jl7wowGmuf45+fAkj5Y+SQOnz0N7/H68OWmPshPsAaWMQh+GAws44IzH3g=="
    },
    "@types/d3-timer": {
      "version": "1.0.9",
      "resolved": "https://registry.npmjs.org/@types/d3-timer/-/d3-timer-1.0.9.tgz",
      "integrity": "sha512-WvfJ3LFxBbWjqRGz9n7GJt08RrTHPJDVsIwwoCMROlqF+iDacYiAFjf9oqnq0mXpb2juA2N/qjKP+MKdal3YNQ=="
    },
    "@types/d3-transition": {
      "version": "1.1.6",
      "resolved": "https://registry.npmjs.org/@types/d3-transition/-/d3-transition-1.1.6.tgz",
      "integrity": "sha512-/F+O2r4oz4G9ATIH3cuSCMGphAnl7VDx7SbENEK0NlI/FE8Jx2oiIrv0uTrpg7yF/AmuWbqp7AGdEHAPIh24Gg==",
      "requires": {
        "@types/d3-selection": "*"
      }
    },
    "@types/d3-voronoi": {
      "version": "1.1.9",
      "resolved": "https://registry.npmjs.org/@types/d3-voronoi/-/d3-voronoi-1.1.9.tgz",
      "integrity": "sha512-DExNQkaHd1F3dFPvGA/Aw2NGyjMln6E9QzsiqOcBgnE+VInYnFBHBBySbZQts6z6xD+5jTfKCP7M4OqMyVjdwQ=="
    },
    "@types/d3-zoom": {
      "version": "1.7.4",
      "resolved": "https://registry.npmjs.org/@types/d3-zoom/-/d3-zoom-1.7.4.tgz",
      "integrity": "sha512-5jnFo/itYhJeB2khO/lKe730kW/h2EbKMOvY0uNp3+7NdPm4w63DwPEMxifQZ7n902xGYK5DdU67FmToSoy4VA==",
      "requires": {
        "@types/d3-interpolate": "*",
        "@types/d3-selection": "*"
      }
    },
    "@types/geojson": {
      "version": "7946.0.7",
      "resolved": "https://registry.npmjs.org/@types/geojson/-/geojson-7946.0.7.tgz",
      "integrity": "sha512-wE2v81i4C4Ol09RtsWFAqg3BUitWbHSpSlIo+bNdsCJijO9sjme+zm+73ZMCa/qMC8UEERxzGbvmr1cffo2SiQ=="
    },
    "axios": {
      "version": "0.18.1",
      "resolved": "https://registry.npmjs.org/axios/-/axios-0.18.1.tgz",
      "integrity": "sha512-0BfJq4NSfQXd+SkFdrvFbG7addhYSBA2mQwISr46pD6E5iqkWg02RAs8vyTT/j0RTnoYmeXauBuSv1qKwR179g==",
      "requires": {
        "follow-redirects": "1.5.10",
        "is-buffer": "^2.0.2"
      }
    },
    "bootstrap": {
      "version": "3.4.1",
      "resolved": "https://registry.npmjs.org/bootstrap/-/bootstrap-3.4.1.tgz",
      "integrity": "sha512-yN5oZVmRCwe5aKwzRj6736nSmKDX7pLYwsXiCj/EYmo16hODaBiT4En5btW/jhBF/seV+XMx3aYwukYC3A49DA=="
    },
    "bootstrap-datepicker": {
      "version": "1.9.0",
      "resolved": "https://registry.npmjs.org/bootstrap-datepicker/-/bootstrap-datepicker-1.9.0.tgz",
      "integrity": "sha512-9rYYbaVOheGYxjOr/+bJCmRPihfy+LkLSg4fIFMT9Od8WwWB/MB50w0JO1eBgKUMbb7PFHQD5uAfI3ArAxZRXA==",
      "requires": {
        "jquery": ">=1.7.1 <4.0.0"
      }
    },
    "bootstrap-sass": {
      "version": "3.4.1",
      "resolved": "https://registry.npmjs.org/bootstrap-sass/-/bootstrap-sass-3.4.1.tgz",
      "integrity": "sha512-p5rxsK/IyEDQm2CwiHxxUi0MZZtvVFbhWmyMOt4lLkA4bujDA1TGoKT0i1FKIWiugAdP+kK8T5KMDFIKQCLYIA=="
    },
    "bootstrap-select": {
      "version": "1.12.2",
      "resolved": "https://registry.npmjs.org/bootstrap-select/-/bootstrap-select-1.12.2.tgz",
      "integrity": "sha1-WNCVs/1YSzFEOGb745tv3U5OEqQ=",
      "requires": {
        "jquery": ">=1.8"
      }
    },
    "bootstrap-slider": {
      "version": "9.10.0",
      "resolved": "https://registry.npmjs.org/bootstrap-slider/-/bootstrap-slider-9.10.0.tgz",
      "integrity": "sha1-EQPWvADPv6jPyaJZmrUYxVZD2j8="
    },
    "bootstrap-switch": {
      "version": "3.3.4",
      "resolved": "https://registry.npmjs.org/bootstrap-switch/-/bootstrap-switch-3.3.4.tgz",
      "integrity": "sha1-cOCusqh3wNx2aZHeEI4hcPwpov8="
    },
    "bootstrap-touchspin": {
      "version": "3.1.1",
      "resolved": "https://registry.npmjs.org/bootstrap-touchspin/-/bootstrap-touchspin-3.1.1.tgz",
      "integrity": "sha1-l3nerHKq9Xfl52K4USx0fIcdlZc="
    },
    "c3": {
      "version": "0.4.24",
      "resolved": "https://registry.npmjs.org/c3/-/c3-0.4.24.tgz",
      "integrity": "sha512-mVCFtN5ZWUT5UE7ilFQ7KBQ7TUCdKIq6KsDt1hH/1m6gC1tBjvzFTO7fqhaiWHfhNOjjM7makschdhg6DkWQMA==",
      "requires": {
        "d3": "~3.5.0"
      }
    },
    "d3": {
      "version": "3.5.17",
      "resolved": "https://registry.npmjs.org/d3/-/d3-3.5.17.tgz",
      "integrity": "sha1-vEZ0gAQ3iyGjYMn8fPUjF5B2L7g="
    },
    "datatables.net": {
      "version": "1.10.20",
      "resolved": "https://registry.npmjs.org/datatables.net/-/datatables.net-1.10.20.tgz",
      "integrity": "sha512-4E4S7tTU607N3h0fZPkGmAtr9mwy462u+VJ6gxYZ8MxcRIjZqHy3Dv1GNry7i3zQCktTdWbULVKBbkAJkuHEnQ==",
      "requires": {
        "jquery": ">=1.7"
      }
    },
    "datatables.net-bs": {
      "version": "1.10.20",
      "resolved": "https://registry.npmjs.org/datatables.net-bs/-/datatables.net-bs-1.10.20.tgz",
      "integrity": "sha512-NsMoOOYZ6NlteOpzhltw21lXsNdhjIMbIOxnqmcrb62ntl8eL9pYzk2AeiDXBlIKY4e550ZrExCq3CYKQ9myEg==",
      "requires": {
        "datatables.net": "1.10.20",
        "jquery": ">=1.7"
      }
    },
    "datatables.net-colreorder": {
      "version": "1.5.2",
      "resolved": "https://registry.npmjs.org/datatables.net-colreorder/-/datatables.net-colreorder-1.5.2.tgz",
      "integrity": "sha512-77ShdeM7QjKI6M1jfWQ4ZempSYMmmpe9NqjimHBp+o9lAto789YdCLiFrW71dwn1v8Awp4qcMShqHNxGzR/HVg==",
      "requires": {
        "datatables.net": "^1.10.15",
        "jquery": ">=1.7"
      }
    },
    "datatables.net-colreorder-bs": {
      "version": "1.3.3",
      "resolved": "https://registry.npmjs.org/datatables.net-colreorder-bs/-/datatables.net-colreorder-bs-1.3.3.tgz",
      "integrity": "sha1-Op3LCN7r612FQHlZHgbkk615OlM=",
      "requires": {
        "datatables.net-bs": ">=1.10.9",
        "datatables.net-colreorder": ">=1.2.0",
        "jquery": ">=1.7"
      }
    },
    "datatables.net-select": {
      "version": "1.2.7",
      "resolved": "https://registry.npmjs.org/datatables.net-select/-/datatables.net-select-1.2.7.tgz",
      "integrity": "sha512-C3XDi7wpruGjDXV36dc9hN/FrAX9GOFvBZ7+KfKJTBNkGFbbhdzHS91SMeGiwRXPYivAyxfPTcVVndVaO83uBQ==",
      "requires": {
        "datatables.net": "^1.10.15",
        "jquery": ">=1.7"
      }
    },
    "debug": {
      "version": "3.1.0",
      "resolved": "https://registry.npmjs.org/debug/-/debug-3.1.0.tgz",
      "integrity": "sha512-OX8XqP7/1a9cqkxYw2yXss15f26NKWBpDXQd0/uK/KPqdQhxbPa994hnzjcE2VqQpDslf55723cKPUOGSmMY3g==",
      "requires": {
        "ms": "2.0.0"
      }
    },
    "drmonty-datatables-colvis": {
      "version": "1.1.2",
      "resolved": "https://registry.npmjs.org/drmonty-datatables-colvis/-/drmonty-datatables-colvis-1.1.2.tgz",
      "integrity": "sha1-lque37SGQ8wu3aP4e4iTPN7oEnw=",
      "requires": {
        "jquery": ">=1.7.0"
      }
    },
    "eonasdan-bootstrap-datetimepicker": {
      "version": "4.17.47",
      "resolved": "https://registry.npmjs.org/eonasdan-bootstrap-datetimepicker/-/eonasdan-bootstrap-datetimepicker-4.17.47.tgz",
      "integrity": "sha1-ekmXAEQGUnbnll79Fvgic1IZ5zU=",
      "requires": {
        "bootstrap": "^3.3",
        "jquery": "^1.8.3 || ^2.0 || ^3.0",
        "moment": "^2.10",
        "moment-timezone": "^0.4.0"
      }
    },
    "follow-redirects": {
      "version": "1.5.10",
      "resolved": "https://registry.npmjs.org/follow-redirects/-/follow-redirects-1.5.10.tgz",
      "integrity": "sha512-0V5l4Cizzvqt5D44aTXbFZz+FtyXV1vrDN6qrelxtfYQKW0KO0W2T/hkE8xvGa/540LkZlkaUjO4ailYTFtHVQ==",
      "requires": {
        "debug": "=3.1.0"
      }
    },
    "font-awesome": {
      "version": "4.7.0",
      "resolved": "https://registry.npmjs.org/font-awesome/-/font-awesome-4.7.0.tgz",
      "integrity": "sha1-j6jPBBGhoxr9B7BtKQK7n8gVoTM="
    },
    "font-awesome-sass": {
      "version": "4.7.0",
      "resolved": "https://registry.npmjs.org/font-awesome-sass/-/font-awesome-sass-4.7.0.tgz",
      "integrity": "sha1-TtppPpFQCc4Asijglk3F7Km8NOE="
    },
    "google-code-prettify": {
      "version": "1.0.5",
      "resolved": "https://registry.npmjs.org/google-code-prettify/-/google-code-prettify-1.0.5.tgz",
      "integrity": "sha1-n0d/Ik2/piNy5e+AOn4VdBBAAIQ="
    },
    "is-buffer": {
      "version": "2.0.4",
      "resolved": "https://registry.npmjs.org/is-buffer/-/is-buffer-2.0.4.tgz",
      "integrity": "sha512-Kq1rokWXOPXWuaMAqZiJW4XxsmD9zGx9q4aePabbn3qCRGedtH7Cm+zV8WETitMfu1wdh+Rvd6w5egwSngUX2A=="
    },
    "jquery": {
      "version": "3.4.1",
      "resolved": "https://registry.npmjs.org/jquery/-/jquery-3.4.1.tgz",
      "integrity": "sha512-36+AdBzCL+y6qjw5Tx7HgzeGCzC81MDDgaUP8ld2zhx58HdqXGoBd+tHdrBMiyjGQs0Hxs/MLZTu/eHNJJuWPw=="
    },
    "jquery-match-height": {
      "version": "0.7.2",
      "resolved": "https://registry.npmjs.org/jquery-match-height/-/jquery-match-height-0.7.2.tgz",
      "integrity": "sha1-+NnzulMU2qsQnPB0CGdL4gS+Xw4="
    },
    "moment": {
      "version": "2.24.0",
      "resolved": "https://registry.npmjs.org/moment/-/moment-2.24.0.tgz",
      "integrity": "sha512-bV7f+6l2QigeBBZSM/6yTNq4P2fNpSWj/0e7jQcy87A8e7o2nAfP/34/2ky5Vw4B9S446EtIhodAzkFCcR4dQg=="
    },
    "moment-timezone": {
      "version": "0.4.1",
      "resolved": "https://registry.npmjs.org/moment-timezone/-/moment-timezone-0.4.1.tgz",
      "integrity": "sha1-gfWYw61eIs2teWtn7NjYjQ9bqgY=",
      "requires": {
        "moment": ">= 2.6.0"
      }
    },
    "ms": {
      "version": "2.0.0",
      "resolved": "https://registry.npmjs.org/ms/-/ms-2.0.0.tgz",
      "integrity": "sha1-VgiurfwAvmwpAd9fmGF4jeDVl8g="
    },
    "patternfly": {
      "version": "3.59.4",
      "resolved": "https://registry.npmjs.org/patternfly/-/patternfly-3.59.4.tgz",
      "integrity": "sha512-xkXTmmQFyscfQ/2Vbh8OUFQPPPCgncKb1FMwNwxUXgCjJRqohmkOAR8enMYGNVbFruzrZKxJVOdHnGduLlETDQ==",
      "requires": {
        "@types/c3": "^0.6.0",
        "bootstrap": "~3.4.1",
        "bootstrap-datepicker": "^1.7.1",
        "bootstrap-sass": "^3.4.0",
        "bootstrap-select": "1.12.2",
        "bootstrap-slider": "^9.9.0",
        "bootstrap-switch": "3.3.4",
        "bootstrap-touchspin": "~3.1.1",
        "c3": "~0.4.11",
        "d3": "~3.5.17",
        "datatables.net": "^1.10.15",
        "datatables.net-colreorder": "^1.4.1",
        "datatables.net-colreorder-bs": "~1.3.2",
        "datatables.net-select": "~1.2.0",
        "drmonty-datatables-colvis": "~1.1.2",
        "eonasdan-bootstrap-datetimepicker": "^4.17.47",
        "font-awesome": "^4.7.0",
        "font-awesome-sass": "^4.7.0",
        "google-code-prettify": "~1.0.5",
        "jquery": "~3.4.1",
        "jquery-match-height": "^0.7.2",
        "moment": "^2.19.1",
        "moment-timezone": "^0.4.1",
        "patternfly-bootstrap-combobox": "~1.1.7",
        "patternfly-bootstrap-treeview": "~2.1.10"
      }
    },
    "patternfly-bootstrap-combobox": {
      "version": "1.1.7",
      "resolved": "https://registry.npmjs.org/patternfly-bootstrap-combobox/-/patternfly-bootstrap-combobox-1.1.7.tgz",
      "integrity": "sha1-al48zRFwwhs8S0qhaKdBPh3btuE="
    },
    "patternfly-bootstrap-treeview": {
      "version": "2.1.10",
      "resolved": "https://registry.npmjs.org/patternfly-bootstrap-treeview/-/patternfly-bootstrap-treeview-2.1.10.tgz",
      "integrity": "sha512-P9+iFu34CwX+R5Fd7/EWbxTug0q9mDj53PnZIIh5ie54KX2kD0+54lCWtpD9SVylDwDtDv3n3A6gbFVkx7HsuA==",
      "requires": {
        "bootstrap": "^3.4.1",
        "jquery": "^3.4.1"
      }
    }
  }
}
